
Microsoft Visual Studio Solution File, Format Version 12.00
# Visual Studio Version 16
VisualStudioVersion = 16.0.30204.135
MinimumVisualStudioVersion = 10.0.40219.1
Project("{FAE04EC0-301F-11D3-BF4B-00C04F79EFBC}") = "MHW - Reshade Injector Helper", "MHW - Reshade Injector Helper\MHW - Reshade Injector Helper.csproj", "{B63A1303-F9D8-4E0E-9318-202B24A8BE66}"
EndProject
Global
	GlobalSection(SolutionConfigurationPlatforms) = preSolution
		Debug|Any CPU = Debug|Any CPU
		Release|Any CPU = Release|Any CPU
	EndGlobalSection
	GlobalSection(ProjectConfigurationPlatforms) = postSolution
		{B63A1303-F9D8-4E0E-9318-202B24A8BE66}.Debug|Any CPU.ActiveCfg = Debug|Any CPU
		{B63A1303-F9D8-4E0E-9318-202B24A8BE66}.Debug|Any CPU.Build.0 = Debug|Any CPU
		{B63A1303-F9D8-4E0E-9318-202B24A8BE66}.Release|Any CPU.ActiveCfg = Release|Any CPU
		{B63A1303-F9D8-4E0E-9318-202B24A8BE66}.Release|Any CPU.Build.0 = Release|Any CPU
	EndGlobalSection
	GlobalSection(SolutionProperties) = preSolution
		HideSolutionNode = FALSE
	EndGlobalSection
	GlobalSection(ExtensibilityGlobals) = postSolution
		SolutionGuid = {FFB07B8C-AC3C-48DC-8B4C-94F4B5BBE902}
	EndGlobalSection
EndGlobal
